
Microsoft Visual Studio Solution File, Format Version 12.00
# Visual Studio Version 16
VisualStudioVersion = 16.0.30717.126
MinimumVisualStudioVersion = 10.0.40219.1
Project("{F184B08F-C81C-45F6-A57F-5ABD9991F28F}") = "NewAtleticatorReborn", "NewAtleticatorReborn\NewAtleticatorReborn.vbproj", "{72D88F69-F721-40E7-A5D2-34AA692C06E0}"
EndProject
Global
	GlobalSection(SolutionConfigurationPlatforms) = preSolution
		Debug|Any CPU = Debug|Any CPU
		Release|Any CPU = Release|Any CPU
	EndGlobalSection
	GlobalSection(ProjectConfigurationPlatforms) = postSolution
		{72D88F69-F721-40E7-A5D2-34AA692C06E0}.Debug|Any CPU.ActiveCfg = Debug|Any CPU
		{72D88F69-F721-40E7-A5D2-34AA692C06E0}.Debug|Any CPU.Build.0 = Debug|Any CPU
		{72D88F69-F721-40E7-A5D2-34AA692C06E0}.Release|Any CPU.ActiveCfg = Release|Any CPU
		{72D88F69-F721-40E7-A5D2-34AA692C06E0}.Release|Any CPU.Build.0 = Release|Any CPU
	EndGlobalSection
	GlobalSection(SolutionProperties) = preSolution
		HideSolutionNode = FALSE
	EndGlobalSection
	GlobalSection(ExtensibilityGlobals) = postSolution
		SolutionGuid = {1E82ED99-0D94-4F86-BB5F-7F8134348F44}
	EndGlobalSection
EndGlobal
